
Microsoft Visual Studio Solution File, Format Version 12.00
Project("{FAE04EC0-301F-11D3-BF4B-00C04F79EFBC}") = "Bookland", "src\Bookland\Bookland.csproj", "{F6916459-2906-47F8-A903-E39246A6DCE3}"
EndProject
Project("{FAE04EC0-301F-11D3-BF4B-00C04F79EFBC}") = "Bookland.Unit.Tests", "src\Bookland.Unit.Tests\Bookland.Unit.Tests.csproj", "{CE01634F-1FCB-4E69-88F1-0F126EE48581}"
EndProject
Global
	GlobalSection(SolutionConfigurationPlatforms) = preSolution
		Debug|Any CPU = Debug|Any CPU
		Release|Any CPU = Release|Any CPU
	EndGlobalSection
	GlobalSection(ProjectConfigurationPlatforms) = postSolution
		{F6916459-2906-47F8-A903-E39246A6DCE3}.Debug|Any CPU.ActiveCfg = Debug|Any CPU
		{F6916459-2906-47F8-A903-E39246A6DCE3}.Debug|Any CPU.Build.0 = Debug|Any CPU
		{F6916459-2906-47F8-A903-E39246A6DCE3}.Release|Any CPU.ActiveCfg = Release|Any CPU
		{F6916459-2906-47F8-A903-E39246A6DCE3}.Release|Any CPU.Build.0 = Release|Any CPU
		{CE01634F-1FCB-4E69-88F1-0F126EE48581}.Debug|Any CPU.ActiveCfg = Debug|Any CPU
		{CE01634F-1FCB-4E69-88F1-0F126EE48581}.Debug|Any CPU.Build.0 = Debug|Any CPU
		{CE01634F-1FCB-4E69-88F1-0F126EE48581}.Release|Any CPU.ActiveCfg = Release|Any CPU
		{CE01634F-1FCB-4E69-88F1-0F126EE48581}.Release|Any CPU.Build.0 = Release|Any CPU
	EndGlobalSection
EndGlobal
